// !$*UTF8*$!
{
	archiveVersion = 1;
	classes = {
	};
	objectVersion = 56;
	objects = {

/* Begin PBXBuildFile section */
		268ED41E2C20EB3800A34A50 /* AppDelegate.swift in Sources */ = {isa = PBXBuildFile; fileRef = 268ED41D2C20EB3800A34A50 /* AppDelegate.swift */; };
		268ED4222C20EB3800A34A50 /* ViewController.swift in Sources */ = {isa = PBXBuildFile; fileRef = 268ED4212C20EB3800A34A50 /* ViewController.swift */; };
		268ED4272C20EB3900A34A50 /* Assets.xcassets in Resources */ = {isa = PBXBuildFile; fileRef = 268ED4262C20EB3900A34A50 /* Assets.xcassets */; };
		268ED42A2C20EB3900A34A50 /* Base in Resources */ = {isa = PBXBuildFile; fileRef = 268ED4292C20EB3900A34A50 /* Base */; };
		268ED43A2C20ED6000A34A50 /* ViewConfiguration.swift in Sources */ = {isa = PBXBuildFile; fileRef = 268ED4372C20ED6000A34A50 /* ViewConfiguration.swift */; };
		268ED43C2C20ED6000A34A50 /* SceneDelegate.swift in Sources */ = {isa = PBXBuildFile; fileRef = 268ED4392C20ED6000A34A50 /* SceneDelegate.swift */; };
		268ED43E2C21C0A500A34A50 /* Interactor.swift in Sources */ = {isa = PBXBuildFile; fileRef = 268ED43D2C21C0A500A34A50 /* Interactor.swift */; };
		268ED4402C223F2600A34A50 /* Initializer.swift in Sources */ = {isa = PBXBuildFile; fileRef = 268ED43F2C223F2600A34A50 /* Initializer.swift */; };
		268ED4422C223F6500A34A50 /* Presenter.swift in Sources */ = {isa = PBXBuildFile; fileRef = 268ED4412C223F6500A34A50 /* Presenter.swift */; };
		26D5112D2C2242F4007746D0 /* HTTPClient.swift in Sources */ = {isa = PBXBuildFile; fileRef = 26D5112C2C2242F4007746D0 /* HTTPClient.swift */; };
		26D5112F2C224925007746D0 /* SearchItem.swift in Sources */ = {isa = PBXBuildFile; fileRef = 26D5112E2C224925007746D0 /* SearchItem.swift */; };
		26D511312C230818007746D0 /* Service.swift in Sources */ = {isa = PBXBuildFile; fileRef = 26D511302C230818007746D0 /* Service.swift */; };
		26D511332C2324D0007746D0 /* Coordinator.swift in Sources */ = {isa = PBXBuildFile; fileRef = 26D511322C2324D0007746D0 /* Coordinator.swift */; };
		26D511352C2324FC007746D0 /* DetailViewController.swift in Sources */ = {isa = PBXBuildFile; fileRef = 26D511342C2324FC007746D0 /* DetailViewController.swift */; };
		26D5113A2C23276D007746D0 /* View.swift in Sources */ = {isa = PBXBuildFile; fileRef = 26D511392C23276D007746D0 /* View.swift */; };
		26D5113C2C237347007746D0 /* ItemViewModel.swift in Sources */ = {isa = PBXBuildFile; fileRef = 26D5113B2C237347007746D0 /* ItemViewModel.swift */; };
		26D5113E2C24926B007746D0 /* DetailImageFetcher.swift in Sources */ = {isa = PBXBuildFile; fileRef = 26D5113D2C24926B007746D0 /* DetailImageFetcher.swift */; };
		26D511402C24928A007746D0 /* DetailInitializer.swift in Sources */ = {isa = PBXBuildFile; fileRef = 26D5113F2C24928A007746D0 /* DetailInitializer.swift */; };
/* End PBXBuildFile section */

/* Begin PBXFileReference section */
		268ED41A2C20EB3800A34A50 /* Products Display.app */ = {isa = PBXFileReference; explicitFileType = wrapper.application; includeInIndex = 0; path = "Products Display.app"; sourceTree = BUILT_PRODUCTS_DIR; };
		268ED41D2C20EB3800A34A50 /* AppDelegate.swift */ = {isa = PBXFileReference; lastKnownFileType = sourcecode.swift; path = AppDelegate.swift; sourceTree = "<group>"; };
		268ED4212C20EB3800A34A50 /* ViewController.swift */ = {isa = PBXFileReference; lastKnownFileType = sourcecode.swift; path = ViewController.swift; sourceTree = "<group>"; };
		268ED4262C20EB3900A34A50 /* Assets.xcassets */ = {isa = PBXFileReference; lastKnownFileType = folder.assetcatalog; path = Assets.xcassets; sourceTree = "<group>"; };
		268ED4292C20EB3900A34A50 /* Base */ = {isa = PBXFileReference; lastKnownFileType = file.storyboard; name = Base; path = Base.lproj/LaunchScreen.storyboard; sourceTree = "<group>"; };
		268ED42B2C20EB3900A34A50 /* Info.plist */ = {isa = PBXFileReference; lastKnownFileType = text.plist.xml; path = Info.plist; sourceTree = "<group>"; };
		268ED4372C20ED6000A34A50 /* ViewConfiguration.swift */ = {isa = PBXFileReference; fileEncoding = 4; lastKnownFileType = sourcecode.swift; path = ViewConfiguration.swift; sourceTree = "<group>"; };
		268ED4392C20ED6000A34A50 /* SceneDelegate.swift */ = {isa = PBXFileReference; fileEncoding = 4; lastKnownFileType = sourcecode.swift; path = SceneDelegate.swift; sourceTree = "<group>"; };
		268ED43D2C21C0A500A34A50 /* Interactor.swift */ = {isa = PBXFileReference; lastKnownFileType = sourcecode.swift; path = Interactor.swift; sourceTree = "<group>"; };
		268ED43F2C223F2600A34A50 /* Initializer.swift */ = {isa = PBXFileReference; lastKnownFileType = sourcecode.swift; path = Initializer.swift; sourceTree = "<group>"; };
		268ED4412C223F6500A34A50 /* Presenter.swift */ = {isa = PBXFileReference; lastKnownFileType = sourcecode.swift; path = Presenter.swift; sourceTree = "<group>"; };
		26D5112C2C2242F4007746D0 /* HTTPClient.swift */ = {isa = PBXFileReference; lastKnownFileType = sourcecode.swift; path = HTTPClient.swift; sourceTree = "<group>"; };
		26D5112E2C224925007746D0 /* SearchItem.swift */ = {isa = PBXFileReference; lastKnownFileType = sourcecode.swift; path = SearchItem.swift; sourceTree = "<group>"; };
		26D511302C230818007746D0 /* Service.swift */ = {isa = PBXFileReference; lastKnownFileType = sourcecode.swift; path = Service.swift; sourceTree = "<group>"; };
		26D511322C2324D0007746D0 /* Coordinator.swift */ = {isa = PBXFileReference; lastKnownFileType = sourcecode.swift; path = Coordinator.swift; sourceTree = "<group>"; };
		26D511342C2324FC007746D0 /* DetailViewController.swift */ = {isa = PBXFileReference; lastKnownFileType = sourcecode.swift; path = DetailViewController.swift; sourceTree = "<group>"; };
		26D511392C23276D007746D0 /* View.swift */ = {isa = PBXFileReference; fileEncoding = 4; lastKnownFileType = sourcecode.swift; path = View.swift; sourceTree = "<group>"; };
		26D5113B2C237347007746D0 /* ItemViewModel.swift */ = {isa = PBXFileReference; lastKnownFileType = sourcecode.swift; path = ItemViewModel.swift; sourceTree = "<group>"; };
		26D5113D2C24926B007746D0 /* DetailImageFetcher.swift */ = {isa = PBXFileReference; lastKnownFileType = sourcecode.swift; path = DetailImageFetcher.swift; sourceTree = "<group>"; };
		26D5113F2C24928A007746D0 /* DetailInitializer.swift */ = {isa = PBXFileReference; fileEncoding = 4; lastKnownFileType = sourcecode.swift; path = DetailInitializer.swift; sourceTree = "<group>"; };
/* End PBXFileReference section */

/* Begin PBXFrameworksBuildPhase section */
		268ED4172C20EB3800A34A50 /* Frameworks */ = {
			isa = PBXFrameworksBuildPhase;
			buildActionMask = 2147483647;
			files = (
			);
			runOnlyForDeploymentPostprocessing = 0;
		};
/* End PBXFrameworksBuildPhase section */

/* Begin PBXGroup section */
		268ED4112C20EB3800A34A50 = {
			isa = PBXGroup;
			children = (
				268ED41C2C20EB3800A34A50 /* Products Display */,
				268ED41B2C20EB3800A34A50 /* Products */,
			);
			sourceTree = "<group>";
		};
		268ED41B2C20EB3800A34A50 /* Products */ = {
			isa = PBXGroup;
			children = (
				268ED41A2C20EB3800A34A50 /* Products Display.app */,
			);
			name = Products;
			sourceTree = "<group>";
		};
		268ED41C2C20EB3800A34A50 /* Products Display */ = {
			isa = PBXGroup;
			children = (
				268ED42B2C20EB3900A34A50 /* Info.plist */,
				268ED4262C20EB3900A34A50 /* Assets.xcassets */,
				268ED4432C223FA200A34A50 /* Configuration */,
				26D511382C232736007746D0 /* Detail */,
				268ED4282C20EB3900A34A50 /* LaunchScreen.storyboard */,
				26D511362C2326C0007746D0 /* Main Scene */,
				26D511372C232703007746D0 /* Network */,
			);
			path = "Products Display";
			sourceTree = "<group>";
		};
		268ED4432C223FA200A34A50 /* Configuration */ = {
			isa = PBXGroup;
			children = (
				268ED4372C20ED6000A34A50 /* ViewConfiguration.swift */,
				268ED41D2C20EB3800A34A50 /* AppDelegate.swift */,
				268ED4392C20ED6000A34A50 /* SceneDelegate.swift */,
			);
			path = Configuration;
			sourceTree = "<group>";
		};
		26D511362C2326C0007746D0 /* Main Scene */ = {
			isa = PBXGroup;
			children = (
				26D511322C2324D0007746D0 /* Coordinator.swift */,
				268ED43F2C223F2600A34A50 /* Initializer.swift */,
				268ED43D2C21C0A500A34A50 /* Interactor.swift */,
				268ED4412C223F6500A34A50 /* Presenter.swift */,
				26D511302C230818007746D0 /* Service.swift */,
				268ED4212C20EB3800A34A50 /* ViewController.swift */,
				26D511412C24A4F7007746D0 /* Model */,
			);
			path = "Main Scene";
			sourceTree = "<group>";
		};
		26D511372C232703007746D0 /* Network */ = {
			isa = PBXGroup;
			children = (
				26D5112C2C2242F4007746D0 /* HTTPClient.swift */,
			);
			path = Network;
			sourceTree = "<group>";
		};
		26D511382C232736007746D0 /* Detail */ = {
			isa = PBXGroup;
			children = (
				26D511342C2324FC007746D0 /* DetailViewController.swift */,
				26D5113D2C24926B007746D0 /* DetailImageFetcher.swift */,
				26D5113F2C24928A007746D0 /* DetailInitializer.swift */,
				26D511392C23276D007746D0 /* View.swift */,
			);
			path = Detail;
			sourceTree = "<group>";
		};
		26D511412C24A4F7007746D0 /* Model */ = {
			isa = PBXGroup;
			children = (
				26D5113B2C237347007746D0 /* ItemViewModel.swift */,
				26D5112E2C224925007746D0 /* SearchItem.swift */,
			);
			path = Model;
			sourceTree = "<group>";
		};
/* End PBXGroup section */

/* Begin PBXNativeTarget section */
		268ED4192C20EB3800A34A50 /* Products Display */ = {
			isa = PBXNativeTarget;
			buildConfigurationList = 268ED42E2C20EB3900A34A50 /* Build configuration list for PBXNativeTarget "Products Display" */;
			buildPhases = (
				268ED4162C20EB3800A34A50 /* Sources */,
				268ED4172C20EB3800A34A50 /* Frameworks */,
				268ED4182C20EB3800A34A50 /* Resources */,
			);
			buildRules = (
			);
			dependencies = (
			);
			name = "Products Display";
			productName = "Products Display";
			productReference = 268ED41A2C20EB3800A34A50 /* Products Display.app */;
			productType = "com.apple.product-type.application";
		};
/* End PBXNativeTarget section */

/* Begin PBXProject section */
		268ED4122C20EB3800A34A50 /* Project object */ = {
			isa = PBXProject;
			attributes = {
				BuildIndependentTargetsInParallel = 1;
				LastSwiftUpdateCheck = 1540;
				LastUpgradeCheck = 1540;
				TargetAttributes = {
					268ED4192C20EB3800A34A50 = {
						CreatedOnToolsVersion = 15.4;
					};
				};
			};
			buildConfigurationList = 268ED4152C20EB3800A34A50 /* Build configuration list for PBXProject "Products Display" */;
			compatibilityVersion = "Xcode 14.0";
			developmentRegion = en;
			hasScannedForEncodings = 0;
			knownRegions = (
				en,
				Base,
			);
			mainGroup = 268ED4112C20EB3800A34A50;
			productRefGroup = 268ED41B2C20EB3800A34A50 /* Products */;
			projectDirPath = "";
			projectRoot = "";
			targets = (
				268ED4192C20EB3800A34A50 /* Products Display */,
			);
		};
/* End PBXProject section */

/* Begin PBXResourcesBuildPhase section */
		268ED4182C20EB3800A34A50 /* Resources */ = {
			isa = PBXResourcesBuildPhase;
			buildActionMask = 2147483647;
			files = (
				268ED4272C20EB3900A34A50 /* Assets.xcassets in Resources */,
				268ED42A2C20EB3900A34A50 /* Base in Resources */,
			);
			runOnlyForDeploymentPostprocessing = 0;
		};
/* End PBXResourcesBuildPhase section */

/* Begin PBXSourcesBuildPhase section */
		268ED4162C20EB3800A34A50 /* Sources */ = {
			isa = PBXSourcesBuildPhase;
			buildActionMask = 2147483647;
			files = (
				26D5113A2C23276D007746D0 /* View.swift in Sources */,
				26D511352C2324FC007746D0 /* DetailViewController.swift in Sources */,
				268ED4422C223F6500A34A50 /* Presenter.swift in Sources */,
				26D5113C2C237347007746D0 /* ItemViewModel.swift in Sources */,
				268ED4402C223F2600A34A50 /* Initializer.swift in Sources */,
				268ED43A2C20ED6000A34A50 /* ViewConfiguration.swift in Sources */,
				26D5113E2C24926B007746D0 /* DetailImageFetcher.swift in Sources */,
				26D5112F2C224925007746D0 /* SearchItem.swift in Sources */,
				268ED4222C20EB3800A34A50 /* ViewController.swift in Sources */,
				26D511402C24928A007746D0 /* DetailInitializer.swift in Sources */,
				26D5112D2C2242F4007746D0 /* HTTPClient.swift in Sources */,
				268ED41E2C20EB3800A34A50 /* AppDelegate.swift in Sources */,
				26D511332C2324D0007746D0 /* Coordinator.swift in Sources */,
				26D511312C230818007746D0 /* Service.swift in Sources */,
				268ED43E2C21C0A500A34A50 /* Interactor.swift in Sources */,
				268ED43C2C20ED6000A34A50 /* SceneDelegate.swift in Sources */,
			);
			runOnlyForDeploymentPostprocessing = 0;
		};
/* End PBXSourcesBuildPhase section */

/* Begin PBXVariantGroup section */
		268ED4282C20EB3900A34A50 /* LaunchScreen.storyboard */ = {
			isa = PBXVariantGroup;
			children = (
				268ED4292C20EB3900A34A50 /* Base */,
			);
			name = LaunchScreen.storyboard;
			sourceTree = "<group>";
		};
/* End PBXVariantGroup section */

/* Begin XCBuildConfiguration section */
		268ED42C2C20EB3900A34A50 /* Debug */ = {
			isa = XCBuildConfiguration;
			buildSettings = {
				ALWAYS_SEARCH_USER_PATHS = NO;
				ASSETCATALOG_COMPILER_GENERATE_SWIFT_ASSET_SYMBOL_EXTENSIONS = YES;
				CLANG_ANALYZER_NONNULL = YES;
				CLANG_ANALYZER_NUMBER_OBJECT_CONVERSION = YES_AGGRESSIVE;
				CLANG_CXX_LANGUAGE_STANDARD = "gnu++20";
				CLANG_ENABLE_MODULES = YES;
				CLANG_ENABLE_OBJC_ARC = YES;
				CLANG_ENABLE_OBJC_WEAK = YES;
				CLANG_WARN_BLOCK_CAPTURE_AUTORELEASING = YES;
				CLANG_WARN_BOOL_CONVERSION = YES;
				CLANG_WARN_COMMA = YES;
				CLANG_WARN_CONSTANT_CONVERSION = YES;
				CLANG_WARN_DEPRECATED_OBJC_IMPLEMENTATIONS = YES;
				CLANG_WARN_DIRECT_OBJC_ISA_USAGE = YES_ERROR;
				CLANG_WARN_DOCUMENTATION_COMMENTS = YES;
				CLANG_WARN_EMPTY_BODY = YES;
				CLANG_WARN_ENUM_CONVERSION = YES;
				CLANG_WARN_INFINITE_RECURSION = YES;
				CLANG_WARN_INT_CONVERSION = YES;
				CLANG_WARN_NON_LITERAL_NULL_CONVERSION = YES;
				CLANG_WARN_OBJC_IMPLICIT_RETAIN_SELF = YES;
				CLANG_WARN_OBJC_LITERAL_CONVERSION = YES;
				CLANG_WARN_OBJC_ROOT_CLASS = YES_ERROR;
				CLANG_WARN_QUOTED_INCLUDE_IN_FRAMEWORK_HEADER = YES;
				CLANG_WARN_RANGE_LOOP_ANALYSIS = YES;
				CLANG_WARN_STRICT_PROTOTYPES = YES;
				CLANG_WARN_SUSPICIOUS_MOVE = YES;
				CLANG_WARN_UNGUARDED_AVAILABILITY = YES_AGGRESSIVE;
				CLANG_WARN_UNREACHABLE_CODE = YES;
				CLANG_WARN__DUPLICATE_METHOD_MATCH = YES;
				COPY_PHASE_STRIP = NO;
				DEBUG_INFORMATION_FORMAT = dwarf;
				ENABLE_STRICT_OBJC_MSGSEND = YES;
				ENABLE_TESTABILITY = YES;
				ENABLE_USER_SCRIPT_SANDBOXING = YES;
				GCC_C_LANGUAGE_STANDARD = gnu17;
				GCC_DYNAMIC_NO_PIC = NO;
				GCC_NO_COMMON_BLOCKS = YES;
				GCC_OPTIMIZATION_LEVEL = 0;
				GCC_PREPROCESSOR_DEFINITIONS = (
					"DEBUG=1",
					"$(inherited)",
				);
				GCC_WARN_64_TO_32_BIT_CONVERSION = YES;
				GCC_WARN_ABOUT_RETURN_TYPE = YES_ERROR;
				GCC_WARN_UNDECLARED_SELECTOR = YES;
				GCC_WARN_UNINITIALIZED_AUTOS = YES_AGGRESSIVE;
				GCC_WARN_UNUSED_FUNCTION = YES;
				GCC_WARN_UNUSED_VARIABLE = YES;
				IPHONEOS_DEPLOYMENT_TARGET = 17.5;
				LOCALIZATION_PREFERS_STRING_CATALOGS = YES;
				MTL_ENABLE_DEBUG_INFO = INCLUDE_SOURCE;
				MTL_FAST_MATH = YES;
				ONLY_ACTIVE_ARCH = YES;
				SDKROOT = iphoneos;
				SWIFT_ACTIVE_COMPILATION_CONDITIONS = "DEBUG $(inherited)";
				SWIFT_OPTIMIZATION_LEVEL = "-Onone";
			};
			name = Debug;
		};
		268ED42D2C20EB3900A34A50 /* Release */ = {
			isa = XCBuildConfiguration;
			buildSettings = {
				ALWAYS_SEARCH_USER_PATHS = NO;
				ASSETCATALOG_COMPILER_GENERATE_SWIFT_ASSET_SYMBOL_EXTENSIONS = YES;
				CLANG_ANALYZER_NONNULL = YES;
				CLANG_ANALYZER_NUMBER_OBJECT_CONVERSION = YES_AGGRESSIVE;
				CLANG_CXX_LANGUAGE_STANDARD = "gnu++20";
				CLANG_ENABLE_MODULES = YES;
				CLANG_ENABLE_OBJC_ARC = YES;
				CLANG_ENABLE_OBJC_WEAK = YES;
				CLANG_WARN_BLOCK_CAPTURE_AUTORELEASING = YES;
				CLANG_WARN_BOOL_CONVERSION = YES;
				CLANG_WARN_COMMA = YES;
				CLANG_WARN_CONSTANT_CONVERSION = YES;
				CLANG_WARN_DEPRECATED_OBJC_IMPLEMENTATIONS = YES;
				CLANG_WARN_DIRECT_OBJC_ISA_USAGE = YES_ERROR;
				CLANG_WARN_DOCUMENTATION_COMMENTS = YES;
				CLANG_WARN_EMPTY_BODY = YES;
				CLANG_WARN_ENUM_CONVERSION = YES;
				CLANG_WARN_INFINITE_RECURSION = YES;
				CLANG_WARN_INT_CONVERSION = YES;
				CLANG_WARN_NON_LITERAL_NULL_CONVERSION = YES;
				CLANG_WARN_OBJC_IMPLICIT_RETAIN_SELF = YES;
				CLANG_WARN_OBJC_LITERAL_CONVERSION = YES;
				CLANG_WARN_OBJC_ROOT_CLASS = YES_ERROR;
				CLANG_WARN_QUOTED_INCLUDE_IN_FRAMEWORK_HEADER = YES;
				CLANG_WARN_RANGE_LOOP_ANALYSIS = YES;
				CLANG_WARN_STRICT_PROTOTYPES = YES;
				CLANG_WARN_SUSPICIOUS_MOVE = YES;
				CLANG_WARN_UNGUARDED_AVAILABILITY = YES_AGGRESSIVE;
				CLANG_WARN_UNREACHABLE_CODE = YES;
				CLANG_WARN__DUPLICATE_METHOD_MATCH = YES;
				COPY_PHASE_STRIP = NO;
				DEBUG_INFORMATION_FORMAT = "dwarf-with-dsym";
				ENABLE_NS_ASSERTIONS = NO;
				ENABLE_STRICT_OBJC_MSGSEND = YES;
				ENABLE_USER_SCRIPT_SANDBOXING = YES;
				GCC_C_LANGUAGE_STANDARD = gnu17;
				GCC_NO_COMMON_BLOCKS = YES;
				GCC_WARN_64_TO_32_BIT_CONVERSION = YES;
				GCC_WARN_ABOUT_RETURN_TYPE = YES_ERROR;
				GCC_WARN_UNDECLARED_SELECTOR = YES;
				GCC_WARN_UNINITIALIZED_AUTOS = YES_AGGRESSIVE;
				GCC_WARN_UNUSED_FUNCTION = YES;
				GCC_WARN_UNUSED_VARIABLE = YES;
				IPHONEOS_DEPLOYMENT_TARGET = 17.5;
				LOCALIZATION_PREFERS_STRING_CATALOGS = YES;
				MTL_ENABLE_DEBUG_INFO = NO;
				MTL_FAST_MATH = YES;
				SDKROOT = iphoneos;
				SWIFT_COMPILATION_MODE = wholemodule;
				VALIDATE_PRODUCT = YES;
			};
			name = Release;
		};
		268ED42F2C20EB3900A34A50 /* Debug */ = {
			isa = XCBuildConfiguration;
			buildSettings = {
				ASSETCATALOG_COMPILER_APPICON_NAME = AppIcon;
				ASSETCATALOG_COMPILER_GLOBAL_ACCENT_COLOR_NAME = AccentColor;
				CODE_SIGN_STYLE = Automatic;
				CURRENT_PROJECT_VERSION = 1;
				GENERATE_INFOPLIST_FILE = YES;
				INFOPLIST_FILE = "Products Display/Info.plist";
				INFOPLIST_KEY_UIApplicationSupportsIndirectInputEvents = YES;
				INFOPLIST_KEY_UILaunchStoryboardName = LaunchScreen;
				INFOPLIST_KEY_UISupportedInterfaceOrientations_iPad = "UIInterfaceOrientationPortrait UIInterfaceOrientationPortraitUpsideDown UIInterfaceOrientationLandscapeLeft UIInterfaceOrientationLandscapeRight";
				INFOPLIST_KEY_UISupportedInterfaceOrientations_iPhone = "UIInterfaceOrientationPortrait UIInterfaceOrientationLandscapeLeft UIInterfaceOrientationLandscapeRight";
				LD_RUNPATH_SEARCH_PATHS = (
					"$(inherited)",
					"@executable_path/Frameworks",
				);
				MARKETING_VERSION = 1.0;
				PRODUCT_BUNDLE_IDENTIFIER = "com.dominiquenbezerra.Products-Display";
				PRODUCT_NAME = "$(TARGET_NAME)";
				SWIFT_EMIT_LOC_STRINGS = YES;
				SWIFT_VERSION = 5.0;
				TARGETED_DEVICE_FAMILY = "1,2";
			};
			name = Debug;
		};
		268ED4302C20EB3900A34A50 /* Release */ = {
			isa = XCBuildConfiguration;
			buildSettings = {
				ASSETCATALOG_COMPILER_APPICON_NAME = AppIcon;
				ASSETCATALOG_COMPILER_GLOBAL_ACCENT_COLOR_NAME = AccentColor;
				CODE_SIGN_STYLE = Automatic;
				CURRENT_PROJECT_VERSION = 1;
				GENERATE_INFOPLIST_FILE = YES;
				INFOPLIST_FILE = "Products Display/Info.plist";
				INFOPLIST_KEY_UIApplicationSupportsIndirectInputEvents = YES;
				INFOPLIST_KEY_UILaunchStoryboardName = LaunchScreen;
				INFOPLIST_KEY_UISupportedInterfaceOrientations_iPad = "UIInterfaceOrientationPortrait UIInterfaceOrientationPortraitUpsideDown UIInterfaceOrientationLandscapeLeft UIInterfaceOrientationLandscapeRight";
				INFOPLIST_KEY_UISupportedInterfaceOrientations_iPhone = "UIInterfaceOrientationPortrait UIInterfaceOrientationLandscapeLeft UIInterfaceOrientationLandscapeRight";
				LD_RUNPATH_SEARCH_PATHS = (
					"$(inherited)",
					"@executable_path/Frameworks",
				);
				MARKETING_VERSION = 1.0;
				PRODUCT_BUNDLE_IDENTIFIER = "com.dominiquenbezerra.Products-Display";
				PRODUCT_NAME = "$(TARGET_NAME)";
				SWIFT_EMIT_LOC_STRINGS = YES;
				SWIFT_VERSION = 5.0;
				TARGETED_DEVICE_FAMILY = "1,2";
			};
			name = Release;
		};
/* End XCBuildConfiguration section */

/* Begin XCConfigurationList section */
		268ED4152C20EB3800A34A50 /* Build configuration list for PBXProject "Products Display" */ = {
			isa = XCConfigurationList;
			buildConfigurations = (
				268ED42C2C20EB3900A34A50 /* Debug */,
				268ED42D2C20EB3900A34A50 /* Release */,
			);
			defaultConfigurationIsVisible = 0;
			defaultConfigurationName = Release;
		};
		268ED42E2C20EB3900A34A50 /* Build configuration list for PBXNativeTarget "Products Display" */ = {
			isa = XCConfigurationList;
			buildConfigurations = (
				268ED42F2C20EB3900A34A50 /* Debug */,
				268ED4302C20EB3900A34A50 /* Release */,
			);
			defaultConfigurationIsVisible = 0;
			defaultConfigurationName = Release;
		};
/* End XCConfigurationList section */
	};
	rootObject = 268ED4122C20EB3800A34A50 /* Project object */;
}
